// !$*UTF8*$!
{
	archiveVersion = 1;
	classes = {
	};
	objectVersion = 50;
	objects = {

/* Begin PBXBuildFile section */
		B86EE7CD23ED946B00DC72AE /* AppDelegate.swift in Sources */ = {isa = PBXBuildFile; fileRef = B86EE7CC23ED946B00DC72AE /* AppDelegate.swift */; };
		B86EE7CF23ED946B00DC72AE /* art.scnassets in Resources */ = {isa = PBXBuildFile; fileRef = B86EE7CE23ED946B00DC72AE /* art.scnassets */; };
		B86EE7D123ED946B00DC72AE /* ViewController.swift in Sources */ = {isa = PBXBuildFile; fileRef = B86EE7D023ED946B00DC72AE /* ViewController.swift */; };
		B86EE7D623ED946C00DC72AE /* Assets.xcassets in Resources */ = {isa = PBXBuildFile; fileRef = B86EE7D523ED946C00DC72AE /* Assets.xcassets */; };
		B86EE7D923ED946C00DC72AE /* LaunchScreen.storyboard in Resources */ = {isa = PBXBuildFile; fileRef = B86EE7D723ED946C00DC72AE /* LaunchScreen.storyboard */; };
		B86EE7EA23EDD88B00DC72AE /* PokerDice.scnassets in Resources */ = {isa = PBXBuildFile; fileRef = B86EE7E923EDD88B00DC72AE /* PokerDice.scnassets */; };
		B86EE7EC23EDE3A700DC72AE /* Main.storyboard in Resources */ = {isa = PBXBuildFile; fileRef = B86EE7EB23EDE3A700DC72AE /* Main.storyboard */; };
		B86EE7F223EDE41000DC72AE /* GameUtils.swift in Sources */ = {isa = PBXBuildFile; fileRef = B86EE7EE23EDE41000DC72AE /* GameUtils.swift */; };
		B86EE7F323EDE41000DC72AE /* SCNVector3+Extension.swift in Sources */ = {isa = PBXBuildFile; fileRef = B86EE7EF23EDE41000DC72AE /* SCNVector3+Extension.swift */; };
		B86EE7F423EDE41000DC72AE /* Generics.swift in Sources */ = {isa = PBXBuildFile; fileRef = B86EE7F023EDE41000DC72AE /* Generics.swift */; };
		B86EE7F523EDE41000DC72AE /* Random+Extension.swift in Sources */ = {isa = PBXBuildFile; fileRef = B86EE7F123EDE41000DC72AE /* Random+Extension.swift */; };
/* End PBXBuildFile section */

/* Begin PBXFileReference section */
		B86EE7C923ED946B00DC72AE /* ARPokerDice.app */ = {isa = PBXFileReference; explicitFileType = wrapper.application; includeInIndex = 0; path = ARPokerDice.app; sourceTree = BUILT_PRODUCTS_DIR; };
		B86EE7CC23ED946B00DC72AE /* AppDelegate.swift */ = {isa = PBXFileReference; lastKnownFileType = sourcecode.swift; path = AppDelegate.swift; sourceTree = "<group>"; };
		B86EE7CE23ED946B00DC72AE /* art.scnassets */ = {isa = PBXFileReference; lastKnownFileType = wrapper.scnassets; path = art.scnassets; sourceTree = "<group>"; };
		B86EE7D023ED946B00DC72AE /* ViewController.swift */ = {isa = PBXFileReference; lastKnownFileType = sourcecode.swift; path = ViewController.swift; sourceTree = "<group>"; };
		B86EE7D523ED946C00DC72AE /* Assets.xcassets */ = {isa = PBXFileReference; lastKnownFileType = folder.assetcatalog; path = Assets.xcassets; sourceTree = "<group>"; };
		B86EE7D823ED946C00DC72AE /* Base */ = {isa = PBXFileReference; lastKnownFileType = file.storyboard; name = Base; path = Base.lproj/LaunchScreen.storyboard; sourceTree = "<group>"; };
		B86EE7DA23ED946C00DC72AE /* Info.plist */ = {isa = PBXFileReference; lastKnownFileType = text.plist.xml; path = Info.plist; sourceTree = "<group>"; };
		B86EE7E923EDD88B00DC72AE /* PokerDice.scnassets */ = {isa = PBXFileReference; lastKnownFileType = wrapper.scnassets; path = PokerDice.scnassets; sourceTree = "<group>"; };
		B86EE7EB23EDE3A700DC72AE /* Main.storyboard */ = {isa = PBXFileReference; fileEncoding = 4; lastKnownFileType = file.storyboard; path = Main.storyboard; sourceTree = "<group>"; };
		B86EE7EE23EDE41000DC72AE /* GameUtils.swift */ = {isa = PBXFileReference; fileEncoding = 4; lastKnownFileType = sourcecode.swift; path = GameUtils.swift; sourceTree = "<group>"; };
		B86EE7EF23EDE41000DC72AE /* SCNVector3+Extension.swift */ = {isa = PBXFileReference; fileEncoding = 4; lastKnownFileType = sourcecode.swift; path = "SCNVector3+Extension.swift"; sourceTree = "<group>"; };
		B86EE7F023EDE41000DC72AE /* Generics.swift */ = {isa = PBXFileReference; fileEncoding = 4; lastKnownFileType = sourcecode.swift; path = Generics.swift; sourceTree = "<group>"; };
		B86EE7F123EDE41000DC72AE /* Random+Extension.swift */ = {isa = PBXFileReference; fileEncoding = 4; lastKnownFileType = sourcecode.swift; path = "Random+Extension.swift"; sourceTree = "<group>"; };
/* End PBXFileReference section */

/* Begin PBXFrameworksBuildPhase section */
		B86EE7C623ED946B00DC72AE /* Frameworks */ = {
			isa = PBXFrameworksBuildPhase;
			buildActionMask = 2147483647;
			files = (
			);
			runOnlyForDeploymentPostprocessing = 0;
		};
/* End PBXFrameworksBuildPhase section */

/* Begin PBXGroup section */
		B86EE7C023ED946B00DC72AE = {
			isa = PBXGroup;
			children = (
				B86EE7CB23ED946B00DC72AE /* ARPokerDice */,
				B86EE7CA23ED946B00DC72AE /* Products */,
			);
			sourceTree = "<group>";
		};
		B86EE7CA23ED946B00DC72AE /* Products */ = {
			isa = PBXGroup;
			children = (
				B86EE7C923ED946B00DC72AE /* ARPokerDice.app */,
			);
			name = Products;
			sourceTree = "<group>";
		};
		B86EE7CB23ED946B00DC72AE /* ARPokerDice */ = {
			isa = PBXGroup;
			children = (
				B86EE7ED23EDE41000DC72AE /* GameUtils */,
				B86EE7E923EDD88B00DC72AE /* PokerDice.scnassets */,
				B86EE7CC23ED946B00DC72AE /* AppDelegate.swift */,
				B86EE7CE23ED946B00DC72AE /* art.scnassets */,
				B86EE7D023ED946B00DC72AE /* ViewController.swift */,
				B86EE7EB23EDE3A700DC72AE /* Main.storyboard */,
				B86EE7D523ED946C00DC72AE /* Assets.xcassets */,
				B86EE7D723ED946C00DC72AE /* LaunchScreen.storyboard */,
				B86EE7DA23ED946C00DC72AE /* Info.plist */,
			);
			path = ARPokerDice;
			sourceTree = "<group>";
		};
		B86EE7ED23EDE41000DC72AE /* GameUtils */ = {
			isa = PBXGroup;
			children = (
				B86EE7EE23EDE41000DC72AE /* GameUtils.swift */,
				B86EE7EF23EDE41000DC72AE /* SCNVector3+Extension.swift */,
				B86EE7F023EDE41000DC72AE /* Generics.swift */,
				B86EE7F123EDE41000DC72AE /* Random+Extension.swift */,
			);
			name = GameUtils;
			path = "../../../../../Downloads/ARKit_by_Tutorials_v3.0.0/06-adding-physics/final/ARPokerDice/GameUtils";
			sourceTree = "<group>";
		};
/* End PBXGroup section */

/* Begin PBXNativeTarget section */
		B86EE7C823ED946B00DC72AE /* ARPokerDice */ = {
			isa = PBXNativeTarget;
			buildConfigurationList = B86EE7DD23ED946C00DC72AE /* Build configuration list for PBXNativeTarget "ARPokerDice" */;
			buildPhases = (
				B86EE7C523ED946B00DC72AE /* Sources */,
				B86EE7C623ED946B00DC72AE /* Frameworks */,
				B86EE7C723ED946B00DC72AE /* Resources */,
			);
			buildRules = (
			);
			dependencies = (
			);
			name = ARPokerDice;
			productName = ARPokerDice;
			productReference = B86EE7C923ED946B00DC72AE /* ARPokerDice.app */;
			productType = "com.apple.product-type.application";
		};
/* End PBXNativeTarget section */

/* Begin PBXProject section */
		B86EE7C123ED946B00DC72AE /* Project object */ = {
			isa = PBXProject;
			attributes = {
				LastSwiftUpdateCheck = 1120;
				LastUpgradeCheck = 1120;
				ORGANIZATIONNAME = "Fosteman's Software Solutions LLC";
				TargetAttributes = {
					B86EE7C823ED946B00DC72AE = {
						CreatedOnToolsVersion = 11.2.1;
					};
				};
			};
			buildConfigurationList = B86EE7C423ED946B00DC72AE /* Build configuration list for PBXProject "ARPokerDice" */;
			compatibilityVersion = "Xcode 9.3";
			developmentRegion = en;
			hasScannedForEncodings = 0;
			knownRegions = (
				en,
				Base,
			);
			mainGroup = B86EE7C023ED946B00DC72AE;
			productRefGroup = B86EE7CA23ED946B00DC72AE /* Products */;
			projectDirPath = "";
			projectRoot = "";
			targets = (
				B86EE7C823ED946B00DC72AE /* ARPokerDice */,
			);
		};
/* End PBXProject section */

/* Begin PBXResourcesBuildPhase section */
		B86EE7C723ED946B00DC72AE /* Resources */ = {
			isa = PBXResourcesBuildPhase;
			buildActionMask = 2147483647;
			files = (
				B86EE7CF23ED946B00DC72AE /* art.scnassets in Resources */,
				B86EE7EA23EDD88B00DC72AE /* PokerDice.scnassets in Resources */,
				B86EE7D923ED946C00DC72AE /* LaunchScreen.storyboard in Resources */,
				B86EE7EC23EDE3A700DC72AE /* Main.storyboard in Resources */,
				B86EE7D623ED946C00DC72AE /* Assets.xcassets in Resources */,
			);
			runOnlyForDeploymentPostprocessing = 0;
		};
/* End PBXResourcesBuildPhase section */

/* Begin PBXSourcesBuildPhase section */
		B86EE7C523ED946B00DC72AE /* Sources */ = {
			isa = PBXSourcesBuildPhase;
			buildActionMask = 2147483647;
			files = (
				B86EE7D123ED946B00DC72AE /* ViewController.swift in Sources */,
				B86EE7F223EDE41000DC72AE /* GameUtils.swift in Sources */,
				B86EE7F423EDE41000DC72AE /* Generics.swift in Sources */,
				B86EE7CD23ED946B00DC72AE /* AppDelegate.swift in Sources */,
				B86EE7F523EDE41000DC72AE /* Random+Extension.swift in Sources */,
				B86EE7F323EDE41000DC72AE /* SCNVector3+Extension.swift in Sources */,
			);
			runOnlyForDeploymentPostprocessing = 0;
		};
/* End PBXSourcesBuildPhase section */

/* Begin PBXVariantGroup section */
		B86EE7D723ED946C00DC72AE /* LaunchScreen.storyboard */ = {
			isa = PBXVariantGroup;
			children = (
				B86EE7D823ED946C00DC72AE /* Base */,
			);
			name = LaunchScreen.storyboard;
			sourceTree = "<group>";
		};
/* End PBXVariantGroup section */

/* Begin XCBuildConfiguration section */
		B86EE7DB23ED946C00DC72AE /* Debug */ = {
			isa = XCBuildConfiguration;
			buildSettings = {
				ALWAYS_SEARCH_USER_PATHS = NO;
				CLANG_ANALYZER_NONNULL = YES;
				CLANG_ANALYZER_NUMBER_OBJECT_CONVERSION = YES_AGGRESSIVE;
				CLANG_CXX_LANGUAGE_STANDARD = "gnu++14";
				CLANG_CXX_LIBRARY = "libc++";
				CLANG_ENABLE_MODULES = YES;
				CLANG_ENABLE_OBJC_ARC = YES;
				CLANG_ENABLE_OBJC_WEAK = YES;
				CLANG_WARN_BLOCK_CAPTURE_AUTORELEASING = YES;
				CLANG_WARN_BOOL_CONVERSION = YES;
				CLANG_WARN_COMMA = YES;
				CLANG_WARN_CONSTANT_CONVERSION = YES;
				CLANG_WARN_DEPRECATED_OBJC_IMPLEMENTATIONS = YES;
				CLANG_WARN_DIRECT_OBJC_ISA_USAGE = YES_ERROR;
				CLANG_WARN_DOCUMENTATION_COMMENTS = YES;
				CLANG_WARN_EMPTY_BODY = YES;
				CLANG_WARN_ENUM_CONVERSION = YES;
				CLANG_WARN_INFINITE_RECURSION = YES;
				CLANG_WARN_INT_CONVERSION = YES;
				CLANG_WARN_NON_LITERAL_NULL_CONVERSION = YES;
				CLANG_WARN_OBJC_IMPLICIT_RETAIN_SELF = YES;
				CLANG_WARN_OBJC_LITERAL_CONVERSION = YES;
				CLANG_WARN_OBJC_ROOT_CLASS = YES_ERROR;
				CLANG_WARN_RANGE_LOOP_ANALYSIS = YES;
				CLANG_WARN_STRICT_PROTOTYPES = YES;
				CLANG_WARN_SUSPICIOUS_MOVE = YES;
				CLANG_WARN_UNGUARDED_AVAILABILITY = YES_AGGRESSIVE;
				CLANG_WARN_UNREACHABLE_CODE = YES;
				CLANG_WARN__DUPLICATE_METHOD_MATCH = YES;
				COPY_PHASE_STRIP = NO;
				DEBUG_INFORMATION_FORMAT = dwarf;
				ENABLE_STRICT_OBJC_MSGSEND = YES;
				ENABLE_TESTABILITY = YES;
				GCC_C_LANGUAGE_STANDARD = gnu11;
				GCC_DYNAMIC_NO_PIC = NO;
				GCC_NO_COMMON_BLOCKS = YES;
				GCC_OPTIMIZATION_LEVEL = 0;
				GCC_PREPROCESSOR_DEFINITIONS = (
					"DEBUG=1",
					"$(inherited)",
				);
				GCC_WARN_64_TO_32_BIT_CONVERSION = YES;
				GCC_WARN_ABOUT_RETURN_TYPE = YES_ERROR;
				GCC_WARN_UNDECLARED_SELECTOR = YES;
				GCC_WARN_UNINITIALIZED_AUTOS = YES_AGGRESSIVE;
				GCC_WARN_UNUSED_FUNCTION = YES;
				GCC_WARN_UNUSED_VARIABLE = YES;
				IPHONEOS_DEPLOYMENT_TARGET = 13.2;
				MTL_ENABLE_DEBUG_INFO = INCLUDE_SOURCE;
				MTL_FAST_MATH = YES;
				ONLY_ACTIVE_ARCH = YES;
				SDKROOT = iphoneos;
				SWIFT_ACTIVE_COMPILATION_CONDITIONS = DEBUG;
				SWIFT_OPTIMIZATION_LEVEL = "-Onone";
			};
			name = Debug;
		};
		B86EE7DC23ED946C00DC72AE /* Release */ = {
			isa = XCBuildConfiguration;
			buildSettings = {
				ALWAYS_SEARCH_USER_PATHS = NO;
				CLANG_ANALYZER_NONNULL = YES;
				CLANG_ANALYZER_NUMBER_OBJECT_CONVERSION = YES_AGGRESSIVE;
				CLANG_CXX_LANGUAGE_STANDARD = "gnu++14";
				CLANG_CXX_LIBRARY = "libc++";
				CLANG_ENABLE_MODULES = YES;
				CLANG_ENABLE_OBJC_ARC = YES;
				CLANG_ENABLE_OBJC_WEAK = YES;
				CLANG_WARN_BLOCK_CAPTURE_AUTORELEASING = YES;
				CLANG_WARN_BOOL_CONVERSION = YES;
				CLANG_WARN_COMMA = YES;
				CLANG_WARN_CONSTANT_CONVERSION = YES;
				CLANG_WARN_DEPRECATED_OBJC_IMPLEMENTATIONS = YES;
				CLANG_WARN_DIRECT_OBJC_ISA_USAGE = YES_ERROR;
				CLANG_WARN_DOCUMENTATION_COMMENTS = YES;
				CLANG_WARN_EMPTY_BODY = YES;
				CLANG_WARN_ENUM_CONVERSION = YES;
				CLANG_WARN_INFINITE_RECURSION = YES;
				CLANG_WARN_INT_CONVERSION = YES;
				CLANG_WARN_NON_LITERAL_NULL_CONVERSION = YES;
				CLANG_WARN_OBJC_IMPLICIT_RETAIN_SELF = YES;
				CLANG_WARN_OBJC_LITERAL_CONVERSION = YES;
				CLANG_WARN_OBJC_ROOT_CLASS = YES_ERROR;
				CLANG_WARN_RANGE_LOOP_ANALYSIS = YES;
				CLANG_WARN_STRICT_PROTOTYPES = YES;
				CLANG_WARN_SUSPICIOUS_MOVE = YES;
				CLANG_WARN_UNGUARDED_AVAILABILITY = YES_AGGRESSIVE;
				CLANG_WARN_UNREACHABLE_CODE = YES;
				CLANG_WARN__DUPLICATE_METHOD_MATCH = YES;
				COPY_PHASE_STRIP = NO;
				DEBUG_INFORMATION_FORMAT = "dwarf-with-dsym";
				ENABLE_NS_ASSERTIONS = NO;
				ENABLE_STRICT_OBJC_MSGSEND = YES;
				GCC_C_LANGUAGE_STANDARD = gnu11;
				GCC_NO_COMMON_BLOCKS = YES;
				GCC_WARN_64_TO_32_BIT_CONVERSION = YES;
				GCC_WARN_ABOUT_RETURN_TYPE = YES_ERROR;
				GCC_WARN_UNDECLARED_SELECTOR = YES;
				GCC_WARN_UNINITIALIZED_AUTOS = YES_AGGRESSIVE;
				GCC_WARN_UNUSED_FUNCTION = YES;
				GCC_WARN_UNUSED_VARIABLE = YES;
				IPHONEOS_DEPLOYMENT_TARGET = 13.2;
				MTL_ENABLE_DEBUG_INFO = NO;
				MTL_FAST_MATH = YES;
				SDKROOT = iphoneos;
				SWIFT_COMPILATION_MODE = wholemodule;
				SWIFT_OPTIMIZATION_LEVEL = "-O";
				VALIDATE_PRODUCT = YES;
			};
			name = Release;
		};
		B86EE7DE23ED946C00DC72AE /* Debug */ = {
			isa = XCBuildConfiguration;
			buildSettings = {
				ASSETCATALOG_COMPILER_APPICON_NAME = AppIcon;
				CODE_SIGN_STYLE = Automatic;
				DEVELOPMENT_TEAM = 6FVY28G8X9;
				INFOPLIST_FILE = ARPokerDice/Info.plist;
				LD_RUNPATH_SEARCH_PATHS = (
					"$(inherited)",
					"@executable_path/Frameworks",
				);
				PRODUCT_BUNDLE_IDENTIFIER = "com.fostemans.ar-works.ARPokerDice";
				PRODUCT_NAME = "$(TARGET_NAME)";
				SWIFT_VERSION = 5.0;
				TARGETED_DEVICE_FAMILY = "1,2";
			};
			name = Debug;
		};
		B86EE7DF23ED946C00DC72AE /* Release */ = {
			isa = XCBuildConfiguration;
			buildSettings = {
				ASSETCATALOG_COMPILER_APPICON_NAME = AppIcon;
				CODE_SIGN_STYLE = Automatic;
				DEVELOPMENT_TEAM = 6FVY28G8X9;
				INFOPLIST_FILE = ARPokerDice/Info.plist;
				LD_RUNPATH_SEARCH_PATHS = (
					"$(inherited)",
					"@executable_path/Frameworks",
				);
				PRODUCT_BUNDLE_IDENTIFIER = "com.fostemans.ar-works.ARPokerDice";
				PRODUCT_NAME = "$(TARGET_NAME)";
				SWIFT_VERSION = 5.0;
				TARGETED_DEVICE_FAMILY = "1,2";
			};
			name = Release;
		};
/* End XCBuildConfiguration section */

/* Begin XCConfigurationList section */
		B86EE7C423ED946B00DC72AE /* Build configuration list for PBXProject "ARPokerDice" */ = {
			isa = XCConfigurationList;
			buildConfigurations = (
				B86EE7DB23ED946C00DC72AE /* Debug */,
				B86EE7DC23ED946C00DC72AE /* Release */,
			);
			defaultConfigurationIsVisible = 0;
			defaultConfigurationName = Release;
		};
		B86EE7DD23ED946C00DC72AE /* Build configuration list for PBXNativeTarget "ARPokerDice" */ = {
			isa = XCConfigurationList;
			buildConfigurations = (
				B86EE7DE23ED946C00DC72AE /* Debug */,
				B86EE7DF23ED946C00DC72AE /* Release */,
			);
			defaultConfigurationIsVisible = 0;
			defaultConfigurationName = Release;
		};
/* End XCConfigurationList section */
	};
	rootObject = B86EE7C123ED946B00DC72AE /* Project object */;
}
